// !$*UTF8*$!
{
	archiveVersion = 1;
	classes = {
	};
	objectVersion = 56;
	objects = {

/* Begin PBXBuildFile section */
		DE1033B82A46132B00F554C9 /* AppDelegate.swift in Sources */ = {isa = PBXBuildFile; fileRef = DE1033B72A46132B00F554C9 /* AppDelegate.swift */; };
		DE1033BA2A46132B00F554C9 /* SceneDelegate.swift in Sources */ = {isa = PBXBuildFile; fileRef = DE1033B92A46132B00F554C9 /* SceneDelegate.swift */; };
		DE1033BC2A46132B00F554C9 /* ViewController.swift in Sources */ = {isa = PBXBuildFile; fileRef = DE1033BB2A46132B00F554C9 /* ViewController.swift */; };
		DE1033BF2A46132B00F554C9 /* Main.storyboard in Resources */ = {isa = PBXBuildFile; fileRef = DE1033BD2A46132B00F554C9 /* Main.storyboard */; };
		DE1033C12A46132D00F554C9 /* Assets.xcassets in Resources */ = {isa = PBXBuildFile; fileRef = DE1033C02A46132D00F554C9 /* Assets.xcassets */; };
		DE1033C42A46132D00F554C9 /* LaunchScreen.storyboard in Resources */ = {isa = PBXBuildFile; fileRef = DE1033C22A46132D00F554C9 /* LaunchScreen.storyboard */; };
		DE1033CF2A46132D00F554C9 /* CurrencyConverterTests.swift in Sources */ = {isa = PBXBuildFile; fileRef = DE1033CE2A46132D00F554C9 /* CurrencyConverterTests.swift */; };
		DE1033D92A46132D00F554C9 /* CurrencyConverterUITests.swift in Sources */ = {isa = PBXBuildFile; fileRef = DE1033D82A46132D00F554C9 /* CurrencyConverterUITests.swift */; };
		DE1033DB2A46132D00F554C9 /* CurrencyConverterUITestsLaunchTests.swift in Sources */ = {isa = PBXBuildFile; fileRef = DE1033DA2A46132D00F554C9 /* CurrencyConverterUITestsLaunchTests.swift */; };
		DE1033E92A48A7D700F554C9 /* ConverterLogic.swift in Sources */ = {isa = PBXBuildFile; fileRef = DE1033E82A48A7D700F554C9 /* ConverterLogic.swift */; };
		DE1033EC2A48AE6400F554C9 /* ConvertedAmountView.swift in Sources */ = {isa = PBXBuildFile; fileRef = DE1033EB2A48AE6400F554C9 /* ConvertedAmountView.swift */; };
/* End PBXBuildFile section */

/* Begin PBXContainerItemProxy section */
		DE1033CB2A46132D00F554C9 /* PBXContainerItemProxy */ = {
			isa = PBXContainerItemProxy;
			containerPortal = DE1033AC2A46132B00F554C9 /* Project object */;
			proxyType = 1;
			remoteGlobalIDString = DE1033B32A46132B00F554C9;
			remoteInfo = CurrencyConverter;
		};
		DE1033D52A46132D00F554C9 /* PBXContainerItemProxy */ = {
			isa = PBXContainerItemProxy;
			containerPortal = DE1033AC2A46132B00F554C9 /* Project object */;
			proxyType = 1;
			remoteGlobalIDString = DE1033B32A46132B00F554C9;
			remoteInfo = CurrencyConverter;
		};
/* End PBXContainerItemProxy section */

/* Begin PBXFileReference section */
		DE1033B42A46132B00F554C9 /* CurrencyConverter.app */ = {isa = PBXFileReference; explicitFileType = wrapper.application; includeInIndex = 0; path = CurrencyConverter.app; sourceTree = BUILT_PRODUCTS_DIR; };
		DE1033B72A46132B00F554C9 /* AppDelegate.swift */ = {isa = PBXFileReference; lastKnownFileType = sourcecode.swift; path = AppDelegate.swift; sourceTree = "<group>"; };
		DE1033B92A46132B00F554C9 /* SceneDelegate.swift */ = {isa = PBXFileReference; lastKnownFileType = sourcecode.swift; path = SceneDelegate.swift; sourceTree = "<group>"; };
		DE1033BB2A46132B00F554C9 /* ViewController.swift */ = {isa = PBXFileReference; lastKnownFileType = sourcecode.swift; path = ViewController.swift; sourceTree = "<group>"; };
		DE1033BE2A46132B00F554C9 /* Base */ = {isa = PBXFileReference; lastKnownFileType = file.storyboard; name = Base; path = Base.lproj/Main.storyboard; sourceTree = "<group>"; };
		DE1033C02A46132D00F554C9 /* Assets.xcassets */ = {isa = PBXFileReference; lastKnownFileType = folder.assetcatalog; path = Assets.xcassets; sourceTree = "<group>"; };
		DE1033C32A46132D00F554C9 /* Base */ = {isa = PBXFileReference; lastKnownFileType = file.storyboard; name = Base; path = Base.lproj/LaunchScreen.storyboard; sourceTree = "<group>"; };
		DE1033C52A46132D00F554C9 /* Info.plist */ = {isa = PBXFileReference; lastKnownFileType = text.plist.xml; path = Info.plist; sourceTree = "<group>"; };
		DE1033CA2A46132D00F554C9 /* CurrencyConverterTests.xctest */ = {isa = PBXFileReference; explicitFileType = wrapper.cfbundle; includeInIndex = 0; path = CurrencyConverterTests.xctest; sourceTree = BUILT_PRODUCTS_DIR; };
		DE1033CE2A46132D00F554C9 /* CurrencyConverterTests.swift */ = {isa = PBXFileReference; lastKnownFileType = sourcecode.swift; path = CurrencyConverterTests.swift; sourceTree = "<group>"; };
		DE1033D42A46132D00F554C9 /* CurrencyConverterUITests.xctest */ = {isa = PBXFileReference; explicitFileType = wrapper.cfbundle; includeInIndex = 0; path = CurrencyConverterUITests.xctest; sourceTree = BUILT_PRODUCTS_DIR; };
		DE1033D82A46132D00F554C9 /* CurrencyConverterUITests.swift */ = {isa = PBXFileReference; lastKnownFileType = sourcecode.swift; path = CurrencyConverterUITests.swift; sourceTree = "<group>"; };
		DE1033DA2A46132D00F554C9 /* CurrencyConverterUITestsLaunchTests.swift */ = {isa = PBXFileReference; lastKnownFileType = sourcecode.swift; path = CurrencyConverterUITestsLaunchTests.swift; sourceTree = "<group>"; };
		DE1033E82A48A7D700F554C9 /* ConverterLogic.swift */ = {isa = PBXFileReference; lastKnownFileType = sourcecode.swift; path = ConverterLogic.swift; sourceTree = "<group>"; };
		DE1033EB2A48AE6400F554C9 /* ConvertedAmountView.swift */ = {isa = PBXFileReference; lastKnownFileType = sourcecode.swift; path = ConvertedAmountView.swift; sourceTree = "<group>"; };
/* End PBXFileReference section */

/* Begin PBXFrameworksBuildPhase section */
		DE1033B12A46132B00F554C9 /* Frameworks */ = {
			isa = PBXFrameworksBuildPhase;
			buildActionMask = 2147483647;
			files = (
			);
			runOnlyForDeploymentPostprocessing = 0;
		};
		DE1033C72A46132D00F554C9 /* Frameworks */ = {
			isa = PBXFrameworksBuildPhase;
			buildActionMask = 2147483647;
			files = (
			);
			runOnlyForDeploymentPostprocessing = 0;
		};
		DE1033D12A46132D00F554C9 /* Frameworks */ = {
			isa = PBXFrameworksBuildPhase;
			buildActionMask = 2147483647;
			files = (
			);
			runOnlyForDeploymentPostprocessing = 0;
		};
/* End PBXFrameworksBuildPhase section */

/* Begin PBXGroup section */
		DE1033AB2A46132B00F554C9 = {
			isa = PBXGroup;
			children = (
				DE1033B62A46132B00F554C9 /* CurrencyConverter */,
				DE1033CD2A46132D00F554C9 /* CurrencyConverterTests */,
				DE1033D72A46132D00F554C9 /* CurrencyConverterUITests */,
				DE1033B52A46132B00F554C9 /* Products */,
			);
			sourceTree = "<group>";
		};
		DE1033B52A46132B00F554C9 /* Products */ = {
			isa = PBXGroup;
			children = (
				DE1033B42A46132B00F554C9 /* CurrencyConverter.app */,
				DE1033CA2A46132D00F554C9 /* CurrencyConverterTests.xctest */,
				DE1033D42A46132D00F554C9 /* CurrencyConverterUITests.xctest */,
			);
			name = Products;
			sourceTree = "<group>";
		};
		DE1033B62A46132B00F554C9 /* CurrencyConverter */ = {
			isa = PBXGroup;
			children = (
				DE1033B72A46132B00F554C9 /* AppDelegate.swift */,
				DE1033B92A46132B00F554C9 /* SceneDelegate.swift */,
				DE1033EA2A48A7F100F554C9 /* Model */,
				DE1033E72A48A7BA00F554C9 /* View */,
				DE1033BD2A46132B00F554C9 /* Main.storyboard */,
				DE1033C02A46132D00F554C9 /* Assets.xcassets */,
				DE1033C22A46132D00F554C9 /* LaunchScreen.storyboard */,
				DE1033C52A46132D00F554C9 /* Info.plist */,
			);
			path = CurrencyConverter;
			sourceTree = "<group>";
		};
		DE1033CD2A46132D00F554C9 /* CurrencyConverterTests */ = {
			isa = PBXGroup;
			children = (
				DE1033CE2A46132D00F554C9 /* CurrencyConverterTests.swift */,
			);
			path = CurrencyConverterTests;
			sourceTree = "<group>";
		};
		DE1033D72A46132D00F554C9 /* CurrencyConverterUITests */ = {
			isa = PBXGroup;
			children = (
				DE1033D82A46132D00F554C9 /* CurrencyConverterUITests.swift */,
				DE1033DA2A46132D00F554C9 /* CurrencyConverterUITestsLaunchTests.swift */,
			);
			path = CurrencyConverterUITests;
			sourceTree = "<group>";
		};
		DE1033E72A48A7BA00F554C9 /* View */ = {
			isa = PBXGroup;
			children = (
				DE1033BB2A46132B00F554C9 /* ViewController.swift */,
				DE1033EB2A48AE6400F554C9 /* ConvertedAmountView.swift */,
			);
			path = View;
			sourceTree = "<group>";
		};
		DE1033EA2A48A7F100F554C9 /* Model */ = {
			isa = PBXGroup;
			children = (
				DE1033E82A48A7D700F554C9 /* ConverterLogic.swift */,
			);
			path = Model;
			sourceTree = "<group>";
		};
/* End PBXGroup section */

/* Begin PBXNativeTarget section */
		DE1033B32A46132B00F554C9 /* CurrencyConverter */ = {
			isa = PBXNativeTarget;
			buildConfigurationList = DE1033DE2A46132D00F554C9 /* Build configuration list for PBXNativeTarget "CurrencyConverter" */;
			buildPhases = (
				DE1033B02A46132B00F554C9 /* Sources */,
				DE1033B12A46132B00F554C9 /* Frameworks */,
				DE1033B22A46132B00F554C9 /* Resources */,
			);
			buildRules = (
			);
			dependencies = (
			);
			name = CurrencyConverter;
			productName = CurrencyConverter;
			productReference = DE1033B42A46132B00F554C9 /* CurrencyConverter.app */;
			productType = "com.apple.product-type.application";
		};
		DE1033C92A46132D00F554C9 /* CurrencyConverterTests */ = {
			isa = PBXNativeTarget;
			buildConfigurationList = DE1033E12A46132D00F554C9 /* Build configuration list for PBXNativeTarget "CurrencyConverterTests" */;
			buildPhases = (
				DE1033C62A46132D00F554C9 /* Sources */,
				DE1033C72A46132D00F554C9 /* Frameworks */,
				DE1033C82A46132D00F554C9 /* Resources */,
			);
			buildRules = (
			);
			dependencies = (
				DE1033CC2A46132D00F554C9 /* PBXTargetDependency */,
			);
			name = CurrencyConverterTests;
			productName = CurrencyConverterTests;
			productReference = DE1033CA2A46132D00F554C9 /* CurrencyConverterTests.xctest */;
			productType = "com.apple.product-type.bundle.unit-test";
		};
		DE1033D32A46132D00F554C9 /* CurrencyConverterUITests */ = {
			isa = PBXNativeTarget;
			buildConfigurationList = DE1033E42A46132D00F554C9 /* Build configuration list for PBXNativeTarget "CurrencyConverterUITests" */;
			buildPhases = (
				DE1033D02A46132D00F554C9 /* Sources */,
				DE1033D12A46132D00F554C9 /* Frameworks */,
				DE1033D22A46132D00F554C9 /* Resources */,
			);
			buildRules = (
			);
			dependencies = (
				DE1033D62A46132D00F554C9 /* PBXTargetDependency */,
			);
			name = CurrencyConverterUITests;
			productName = CurrencyConverterUITests;
			productReference = DE1033D42A46132D00F554C9 /* CurrencyConverterUITests.xctest */;
			productType = "com.apple.product-type.bundle.ui-testing";
		};
/* End PBXNativeTarget section */

/* Begin PBXProject section */
		DE1033AC2A46132B00F554C9 /* Project object */ = {
			isa = PBXProject;
			attributes = {
				BuildIndependentTargetsInParallel = 1;
				LastSwiftUpdateCheck = 1430;
				LastUpgradeCheck = 1430;
				TargetAttributes = {
					DE1033B32A46132B00F554C9 = {
						CreatedOnToolsVersion = 14.3.1;
					};
					DE1033C92A46132D00F554C9 = {
						CreatedOnToolsVersion = 14.3.1;
						TestTargetID = DE1033B32A46132B00F554C9;
					};
					DE1033D32A46132D00F554C9 = {
						CreatedOnToolsVersion = 14.3.1;
						TestTargetID = DE1033B32A46132B00F554C9;
					};
				};
			};
			buildConfigurationList = DE1033AF2A46132B00F554C9 /* Build configuration list for PBXProject "CurrencyConverter" */;
			compatibilityVersion = "Xcode 14.0";
			developmentRegion = en;
			hasScannedForEncodings = 0;
			knownRegions = (
				en,
				Base,
			);
			mainGroup = DE1033AB2A46132B00F554C9;
			productRefGroup = DE1033B52A46132B00F554C9 /* Products */;
			projectDirPath = "";
			projectRoot = "";
			targets = (
				DE1033B32A46132B00F554C9 /* CurrencyConverter */,
				DE1033C92A46132D00F554C9 /* CurrencyConverterTests */,
				DE1033D32A46132D00F554C9 /* CurrencyConverterUITests */,
			);
		};
/* End PBXProject section */

/* Begin PBXResourcesBuildPhase section */
		DE1033B22A46132B00F554C9 /* Resources */ = {
			isa = PBXResourcesBuildPhase;
			buildActionMask = 2147483647;
			files = (
				DE1033C42A46132D00F554C9 /* LaunchScreen.storyboard in Resources */,
				DE1033C12A46132D00F554C9 /* Assets.xcassets in Resources */,
				DE1033BF2A46132B00F554C9 /* Main.storyboard in Resources */,
			);
			runOnlyForDeploymentPostprocessing = 0;
		};
		DE1033C82A46132D00F554C9 /* Resources */ = {
			isa = PBXResourcesBuildPhase;
			buildActionMask = 2147483647;
			files = (
			);
			runOnlyForDeploymentPostprocessing = 0;
		};
		DE1033D22A46132D00F554C9 /* Resources */ = {
			isa = PBXResourcesBuildPhase;
			buildActionMask = 2147483647;
			files = (
			);
			runOnlyForDeploymentPostprocessing = 0;
		};
/* End PBXResourcesBuildPhase section */

/* Begin PBXSourcesBuildPhase section */
		DE1033B02A46132B00F554C9 /* Sources */ = {
			isa = PBXSourcesBuildPhase;
			buildActionMask = 2147483647;
			files = (
				DE1033BC2A46132B00F554C9 /* ViewController.swift in Sources */,
				DE1033E92A48A7D700F554C9 /* ConverterLogic.swift in Sources */,
				DE1033B82A46132B00F554C9 /* AppDelegate.swift in Sources */,
				DE1033EC2A48AE6400F554C9 /* ConvertedAmountView.swift in Sources */,
				DE1033BA2A46132B00F554C9 /* SceneDelegate.swift in Sources */,
			);
			runOnlyForDeploymentPostprocessing = 0;
		};
		DE1033C62A46132D00F554C9 /* Sources */ = {
			isa = PBXSourcesBuildPhase;
			buildActionMask = 2147483647;
			files = (
				DE1033CF2A46132D00F554C9 /* CurrencyConverterTests.swift in Sources */,
			);
			runOnlyForDeploymentPostprocessing = 0;
		};
		DE1033D02A46132D00F554C9 /* Sources */ = {
			isa = PBXSourcesBuildPhase;
			buildActionMask = 2147483647;
			files = (
				DE1033DB2A46132D00F554C9 /* CurrencyConverterUITestsLaunchTests.swift in Sources */,
				DE1033D92A46132D00F554C9 /* CurrencyConverterUITests.swift in Sources */,
			);
			runOnlyForDeploymentPostprocessing = 0;
		};
/* End PBXSourcesBuildPhase section */

/* Begin PBXTargetDependency section */
		DE1033CC2A46132D00F554C9 /* PBXTargetDependency */ = {
			isa = PBXTargetDependency;
			target = DE1033B32A46132B00F554C9 /* CurrencyConverter */;
			targetProxy = DE1033CB2A46132D00F554C9 /* PBXContainerItemProxy */;
		};
		DE1033D62A46132D00F554C9 /* PBXTargetDependency */ = {
			isa = PBXTargetDependency;
			target = DE1033B32A46132B00F554C9 /* CurrencyConverter */;
			targetProxy = DE1033D52A46132D00F554C9 /* PBXContainerItemProxy */;
		};
/* End PBXTargetDependency section */

/* Begin PBXVariantGroup section */
		DE1033BD2A46132B00F554C9 /* Main.storyboard */ = {
			isa = PBXVariantGroup;
			children = (
				DE1033BE2A46132B00F554C9 /* Base */,
			);
			name = Main.storyboard;
			sourceTree = "<group>";
		};
		DE1033C22A46132D00F554C9 /* LaunchScreen.storyboard */ = {
			isa = PBXVariantGroup;
			children = (
				DE1033C32A46132D00F554C9 /* Base */,
			);
			name = LaunchScreen.storyboard;
			sourceTree = "<group>";
		};
/* End PBXVariantGroup section */

/* Begin XCBuildConfiguration section */
		DE1033DC2A46132D00F554C9 /* Debug */ = {
			isa = XCBuildConfiguration;
			buildSettings = {
				ALWAYS_SEARCH_USER_PATHS = NO;
				CLANG_ANALYZER_NONNULL = YES;
				CLANG_ANALYZER_NUMBER_OBJECT_CONVERSION = YES_AGGRESSIVE;
				CLANG_CXX_LANGUAGE_STANDARD = "gnu++20";
				CLANG_ENABLE_MODULES = YES;
				CLANG_ENABLE_OBJC_ARC = YES;
				CLANG_ENABLE_OBJC_WEAK = YES;
				CLANG_WARN_BLOCK_CAPTURE_AUTORELEASING = YES;
				CLANG_WARN_BOOL_CONVERSION = YES;
				CLANG_WARN_COMMA = YES;
				CLANG_WARN_CONSTANT_CONVERSION = YES;
				CLANG_WARN_DEPRECATED_OBJC_IMPLEMENTATIONS = YES;
				CLANG_WARN_DIRECT_OBJC_ISA_USAGE = YES_ERROR;
				CLANG_WARN_DOCUMENTATION_COMMENTS = YES;
				CLANG_WARN_EMPTY_BODY = YES;
				CLANG_WARN_ENUM_CONVERSION = YES;
				CLANG_WARN_INFINITE_RECURSION = YES;
				CLANG_WARN_INT_CONVERSION = YES;
				CLANG_WARN_NON_LITERAL_NULL_CONVERSION = YES;
				CLANG_WARN_OBJC_IMPLICIT_RETAIN_SELF = YES;
				CLANG_WARN_OBJC_LITERAL_CONVERSION = YES;
				CLANG_WARN_OBJC_ROOT_CLASS = YES_ERROR;
				CLANG_WARN_QUOTED_INCLUDE_IN_FRAMEWORK_HEADER = YES;
				CLANG_WARN_RANGE_LOOP_ANALYSIS = YES;
				CLANG_WARN_STRICT_PROTOTYPES = YES;
				CLANG_WARN_SUSPICIOUS_MOVE = YES;
				CLANG_WARN_UNGUARDED_AVAILABILITY = YES_AGGRESSIVE;
				CLANG_WARN_UNREACHABLE_CODE = YES;
				CLANG_WARN__DUPLICATE_METHOD_MATCH = YES;
				COPY_PHASE_STRIP = NO;
				DEBUG_INFORMATION_FORMAT = dwarf;
				ENABLE_STRICT_OBJC_MSGSEND = YES;
				ENABLE_TESTABILITY = YES;
				GCC_C_LANGUAGE_STANDARD = gnu11;
				GCC_DYNAMIC_NO_PIC = NO;
				GCC_NO_COMMON_BLOCKS = YES;
				GCC_OPTIMIZATION_LEVEL = 0;
				GCC_PREPROCESSOR_DEFINITIONS = (
					"DEBUG=1",
					"$(inherited)",
				);
				GCC_WARN_64_TO_32_BIT_CONVERSION = YES;
				GCC_WARN_ABOUT_RETURN_TYPE = YES_ERROR;
				GCC_WARN_UNDECLARED_SELECTOR = YES;
				GCC_WARN_UNINITIALIZED_AUTOS = YES_AGGRESSIVE;
				GCC_WARN_UNUSED_FUNCTION = YES;
				GCC_WARN_UNUSED_VARIABLE = YES;
				IPHONEOS_DEPLOYMENT_TARGET = 16.4;
				MTL_ENABLE_DEBUG_INFO = INCLUDE_SOURCE;
				MTL_FAST_MATH = YES;
				ONLY_ACTIVE_ARCH = YES;
				SDKROOT = iphoneos;
				SWIFT_ACTIVE_COMPILATION_CONDITIONS = DEBUG;
				SWIFT_OPTIMIZATION_LEVEL = "-Onone";
			};
			name = Debug;
		};
		DE1033DD2A46132D00F554C9 /* Release */ = {
			isa = XCBuildConfiguration;
			buildSettings = {
				ALWAYS_SEARCH_USER_PATHS = NO;
				CLANG_ANALYZER_NONNULL = YES;
				CLANG_ANALYZER_NUMBER_OBJECT_CONVERSION = YES_AGGRESSIVE;
				CLANG_CXX_LANGUAGE_STANDARD = "gnu++20";
				CLANG_ENABLE_MODULES = YES;
				CLANG_ENABLE_OBJC_ARC = YES;
				CLANG_ENABLE_OBJC_WEAK = YES;
				CLANG_WARN_BLOCK_CAPTURE_AUTORELEASING = YES;
				CLANG_WARN_BOOL_CONVERSION = YES;
				CLANG_WARN_COMMA = YES;
				CLANG_WARN_CONSTANT_CONVERSION = YES;
				CLANG_WARN_DEPRECATED_OBJC_IMPLEMENTATIONS = YES;
				CLANG_WARN_DIRECT_OBJC_ISA_USAGE = YES_ERROR;
				CLANG_WARN_DOCUMENTATION_COMMENTS = YES;
				CLANG_WARN_EMPTY_BODY = YES;
				CLANG_WARN_ENUM_CONVERSION = YES;
				CLANG_WARN_INFINITE_RECURSION = YES;
				CLANG_WARN_INT_CONVERSION = YES;
				CLANG_WARN_NON_LITERAL_NULL_CONVERSION = YES;
				CLANG_WARN_OBJC_IMPLICIT_RETAIN_SELF = YES;
				CLANG_WARN_OBJC_LITERAL_CONVERSION = YES;
				CLANG_WARN_OBJC_ROOT_CLASS = YES_ERROR;
				CLANG_WARN_QUOTED_INCLUDE_IN_FRAMEWORK_HEADER = YES;
				CLANG_WARN_RANGE_LOOP_ANALYSIS = YES;
				CLANG_WARN_STRICT_PROTOTYPES = YES;
				CLANG_WARN_SUSPICIOUS_MOVE = YES;
				CLANG_WARN_UNGUARDED_AVAILABILITY = YES_AGGRESSIVE;
				CLANG_WARN_UNREACHABLE_CODE = YES;
				CLANG_WARN__DUPLICATE_METHOD_MATCH = YES;
				COPY_PHASE_STRIP = NO;
				DEBUG_INFORMATION_FORMAT = "dwarf-with-dsym";
				ENABLE_NS_ASSERTIONS = NO;
				ENABLE_STRICT_OBJC_MSGSEND = YES;
				GCC_C_LANGUAGE_STANDARD = gnu11;
				GCC_NO_COMMON_BLOCKS = YES;
				GCC_WARN_64_TO_32_BIT_CONVERSION = YES;
				GCC_WARN_ABOUT_RETURN_TYPE = YES_ERROR;
				GCC_WARN_UNDECLARED_SELECTOR = YES;
				GCC_WARN_UNINITIALIZED_AUTOS = YES_AGGRESSIVE;
				GCC_WARN_UNUSED_FUNCTION = YES;
				GCC_WARN_UNUSED_VARIABLE = YES;
				IPHONEOS_DEPLOYMENT_TARGET = 16.4;
				MTL_ENABLE_DEBUG_INFO = NO;
				MTL_FAST_MATH = YES;
				SDKROOT = iphoneos;
				SWIFT_COMPILATION_MODE = wholemodule;
				SWIFT_OPTIMIZATION_LEVEL = "-O";
				VALIDATE_PRODUCT = YES;
			};
			name = Release;
		};
		DE1033DF2A46132D00F554C9 /* Debug */ = {
			isa = XCBuildConfiguration;
			buildSettings = {
				ASSETCATALOG_COMPILER_APPICON_NAME = AppIcon;
				ASSETCATALOG_COMPILER_GLOBAL_ACCENT_COLOR_NAME = AccentColor;
				CODE_SIGN_STYLE = Automatic;
				CURRENT_PROJECT_VERSION = 1;
				GENERATE_INFOPLIST_FILE = YES;
				INFOPLIST_FILE = CurrencyConverter/Info.plist;
				INFOPLIST_KEY_UIApplicationSupportsIndirectInputEvents = YES;
				INFOPLIST_KEY_UILaunchStoryboardName = LaunchScreen;
				INFOPLIST_KEY_UIMainStoryboardFile = Main;
				INFOPLIST_KEY_UISupportedInterfaceOrientations_iPad = "UIInterfaceOrientationPortrait UIInterfaceOrientationPortraitUpsideDown UIInterfaceOrientationLandscapeLeft UIInterfaceOrientationLandscapeRight";
				INFOPLIST_KEY_UISupportedInterfaceOrientations_iPhone = "UIInterfaceOrientationPortrait UIInterfaceOrientationLandscapeLeft UIInterfaceOrientationLandscapeRight";
				LD_RUNPATH_SEARCH_PATHS = (
					"$(inherited)",
					"@executable_path/Frameworks",
				);
				MARKETING_VERSION = 1.0;
				PRODUCT_BUNDLE_IDENTIFIER = edu.auburn.onlinecsse.CurrencyConverter;
				PRODUCT_NAME = "$(TARGET_NAME)";
				SWIFT_EMIT_LOC_STRINGS = YES;
				SWIFT_VERSION = 5.0;
				TARGETED_DEVICE_FAMILY = "1,2";
			};
			name = Debug;
		};
		DE1033E02A46132D00F554C9 /* Release */ = {
			isa = XCBuildConfiguration;
			buildSettings = {
				ASSETCATALOG_COMPILER_APPICON_NAME = AppIcon;
				ASSETCATALOG_COMPILER_GLOBAL_ACCENT_COLOR_NAME = AccentColor;
				CODE_SIGN_STYLE = Automatic;
				CURRENT_PROJECT_VERSION = 1;
				GENERATE_INFOPLIST_FILE = YES;
				INFOPLIST_FILE = CurrencyConverter/Info.plist;
				INFOPLIST_KEY_UIApplicationSupportsIndirectInputEvents = YES;
				INFOPLIST_KEY_UILaunchStoryboardName = LaunchScreen;
				INFOPLIST_KEY_UIMainStoryboardFile = Main;
				INFOPLIST_KEY_UISupportedInterfaceOrientations_iPad = "UIInterfaceOrientationPortrait UIInterfaceOrientationPortraitUpsideDown UIInterfaceOrientationLandscapeLeft UIInterfaceOrientationLandscapeRight";
				INFOPLIST_KEY_UISupportedInterfaceOrientations_iPhone = "UIInterfaceOrientationPortrait UIInterfaceOrientationLandscapeLeft UIInterfaceOrientationLandscapeRight";
				LD_RUNPATH_SEARCH_PATHS = (
					"$(inherited)",
					"@executable_path/Frameworks",
				);
				MARKETING_VERSION = 1.0;
				PRODUCT_BUNDLE_IDENTIFIER = edu.auburn.onlinecsse.CurrencyConverter;
				PRODUCT_NAME = "$(TARGET_NAME)";
				SWIFT_EMIT_LOC_STRINGS = YES;
				SWIFT_VERSION = 5.0;
				TARGETED_DEVICE_FAMILY = "1,2";
			};
			name = Release;
		};
		DE1033E22A46132D00F554C9 /* Debug */ = {
			isa = XCBuildConfiguration;
			buildSettings = {
				ALWAYS_EMBED_SWIFT_STANDARD_LIBRARIES = YES;
				BUNDLE_LOADER = "$(TEST_HOST)";
				CODE_SIGN_STYLE = Automatic;
				CURRENT_PROJECT_VERSION = 1;
				GENERATE_INFOPLIST_FILE = YES;
				IPHONEOS_DEPLOYMENT_TARGET = 16.4;
				MARKETING_VERSION = 1.0;
				PRODUCT_BUNDLE_IDENTIFIER = edu.auburn.onlinecsse.CurrencyConverterTests;
				PRODUCT_NAME = "$(TARGET_NAME)";
				SWIFT_EMIT_LOC_STRINGS = NO;
				SWIFT_VERSION = 5.0;
				TARGETED_DEVICE_FAMILY = "1,2";
				TEST_HOST = "$(BUILT_PRODUCTS_DIR)/CurrencyConverter.app/$(BUNDLE_EXECUTABLE_FOLDER_PATH)/CurrencyConverter";
			};
			name = Debug;
		};
		DE1033E32A46132D00F554C9 /* Release */ = {
			isa = XCBuildConfiguration;
			buildSettings = {
				ALWAYS_EMBED_SWIFT_STANDARD_LIBRARIES = YES;
				BUNDLE_LOADER = "$(TEST_HOST)";
				CODE_SIGN_STYLE = Automatic;
				CURRENT_PROJECT_VERSION = 1;
				GENERATE_INFOPLIST_FILE = YES;
				IPHONEOS_DEPLOYMENT_TARGET = 16.4;
				MARKETING_VERSION = 1.0;
				PRODUCT_BUNDLE_IDENTIFIER = edu.auburn.onlinecsse.CurrencyConverterTests;
				PRODUCT_NAME = "$(TARGET_NAME)";
				SWIFT_EMIT_LOC_STRINGS = NO;
				SWIFT_VERSION = 5.0;
				TARGETED_DEVICE_FAMILY = "1,2";
				TEST_HOST = "$(BUILT_PRODUCTS_DIR)/CurrencyConverter.app/$(BUNDLE_EXECUTABLE_FOLDER_PATH)/CurrencyConverter";
			};
			name = Release;
		};
		DE1033E52A46132D00F554C9 /* Debug */ = {
			isa = XCBuildConfiguration;
			buildSettings = {
				ALWAYS_EMBED_SWIFT_STANDARD_LIBRARIES = YES;
				CODE_SIGN_STYLE = Automatic;
				CURRENT_PROJECT_VERSION = 1;
				GENERATE_INFOPLIST_FILE = YES;
				MARKETING_VERSION = 1.0;
				PRODUCT_BUNDLE_IDENTIFIER = edu.auburn.onlinecsse.CurrencyConverterUITests;
				PRODUCT_NAME = "$(TARGET_NAME)";
				SWIFT_EMIT_LOC_STRINGS = NO;
				SWIFT_VERSION = 5.0;
				TARGETED_DEVICE_FAMILY = "1,2";
				TEST_TARGET_NAME = CurrencyConverter;
			};
			name = Debug;
		};
		DE1033E62A46132D00F554C9 /* Release */ = {
			isa = XCBuildConfiguration;
			buildSettings = {
				ALWAYS_EMBED_SWIFT_STANDARD_LIBRARIES = YES;
				CODE_SIGN_STYLE = Automatic;
				CURRENT_PROJECT_VERSION = 1;
				GENERATE_INFOPLIST_FILE = YES;
				MARKETING_VERSION = 1.0;
				PRODUCT_BUNDLE_IDENTIFIER = edu.auburn.onlinecsse.CurrencyConverterUITests;
				PRODUCT_NAME = "$(TARGET_NAME)";
				SWIFT_EMIT_LOC_STRINGS = NO;
				SWIFT_VERSION = 5.0;
				TARGETED_DEVICE_FAMILY = "1,2";
				TEST_TARGET_NAME = CurrencyConverter;
			};
			name = Release;
		};
/* End XCBuildConfiguration section */

/* Begin XCConfigurationList section */
		DE1033AF2A46132B00F554C9 /* Build configuration list for PBXProject "CurrencyConverter" */ = {
			isa = XCConfigurationList;
			buildConfigurations = (
				DE1033DC2A46132D00F554C9 /* Debug */,
				DE1033DD2A46132D00F554C9 /* Release */,
			);
			defaultConfigurationIsVisible = 0;
			defaultConfigurationName = Release;
		};
		DE1033DE2A46132D00F554C9 /* Build configuration list for PBXNativeTarget "CurrencyConverter" */ = {
			isa = XCConfigurationList;
			buildConfigurations = (
				DE1033DF2A46132D00F554C9 /* Debug */,
				DE1033E02A46132D00F554C9 /* Release */,
			);
			defaultConfigurationIsVisible = 0;
			defaultConfigurationName = Release;
		};
		DE1033E12A46132D00F554C9 /* Build configuration list for PBXNativeTarget "CurrencyConverterTests" */ = {
			isa = XCConfigurationList;
			buildConfigurations = (
				DE1033E22A46132D00F554C9 /* Debug */,
				DE1033E32A46132D00F554C9 /* Release */,
			);
			defaultConfigurationIsVisible = 0;
			defaultConfigurationName = Release;
		};
		DE1033E42A46132D00F554C9 /* Build configuration list for PBXNativeTarget "CurrencyConverterUITests" */ = {
			isa = XCConfigurationList;
			buildConfigurations = (
				DE1033E52A46132D00F554C9 /* Debug */,
				DE1033E62A46132D00F554C9 /* Release */,
			);
			defaultConfigurationIsVisible = 0;
			defaultConfigurationName = Release;
		};
/* End XCConfigurationList section */
	};
	rootObject = DE1033AC2A46132B00F554C9 /* Project object */;
}
